
Microsoft Visual Studio Solution File, Format Version 12.00
# Visual Studio Version 16
VisualStudioVersion = 25.0.1700.0
MinimumVisualStudioVersion = 10.0.40219.1
Project("{FAE04EC0-301F-11D3-BF4B-00C04F79EFBC}") = "BlazorIisLogViewer.Server", "BlazorIisLogViewer\Server\BlazorIisLogViewer.Server.csproj", "{B6E5469E-A7AD-49E4-A5C9-CF0089327932}"
EndProject
Project("{FAE04EC0-301F-11D3-BF4B-00C04F79EFBC}") = "BlazorIisLogViewer.Client", "BlazorIisLogViewer\Client\BlazorIisLogViewer.Client.csproj", "{CB878398-5684-4FC8-8B13-CDD19400EAEA}"
EndProject
Project("{FAE04EC0-301F-11D3-BF4B-00C04F79EFBC}") = "BlazorIisLogViewer.Shared", "BlazorIisLogViewer\Shared\BlazorIisLogViewer.Shared.csproj", "{C7E394C6-DB07-4BFC-82D1-63EAA2699E5A}"
EndProject
Global
	GlobalSection(SolutionConfigurationPlatforms) = preSolution
		Debug|Any CPU = Debug|Any CPU
		Release|Any CPU = Release|Any CPU
	EndGlobalSection
	GlobalSection(ProjectConfigurationPlatforms) = postSolution
		{B6E5469E-A7AD-49E4-A5C9-CF0089327932}.Debug|Any CPU.ActiveCfg = Debug|Any CPU
		{B6E5469E-A7AD-49E4-A5C9-CF0089327932}.Debug|Any CPU.Build.0 = Debug|Any CPU
		{B6E5469E-A7AD-49E4-A5C9-CF0089327932}.Release|Any CPU.ActiveCfg = Release|Any CPU
		{B6E5469E-A7AD-49E4-A5C9-CF0089327932}.Release|Any CPU.Build.0 = Release|Any CPU
		{CB878398-5684-4FC8-8B13-CDD19400EAEA}.Debug|Any CPU.ActiveCfg = Debug|Any CPU
		{CB878398-5684-4FC8-8B13-CDD19400EAEA}.Debug|Any CPU.Build.0 = Debug|Any CPU
		{CB878398-5684-4FC8-8B13-CDD19400EAEA}.Release|Any CPU.ActiveCfg = Release|Any CPU
		{CB878398-5684-4FC8-8B13-CDD19400EAEA}.Release|Any CPU.Build.0 = Release|Any CPU
		{C7E394C6-DB07-4BFC-82D1-63EAA2699E5A}.Debug|Any CPU.ActiveCfg = Debug|Any CPU
		{C7E394C6-DB07-4BFC-82D1-63EAA2699E5A}.Debug|Any CPU.Build.0 = Debug|Any CPU
		{C7E394C6-DB07-4BFC-82D1-63EAA2699E5A}.Release|Any CPU.ActiveCfg = Release|Any CPU
		{C7E394C6-DB07-4BFC-82D1-63EAA2699E5A}.Release|Any CPU.Build.0 = Release|Any CPU
	EndGlobalSection
	GlobalSection(SolutionProperties) = preSolution
		HideSolutionNode = FALSE
	EndGlobalSection
	GlobalSection(ExtensibilityGlobals) = postSolution
		SolutionGuid = {5BADC8A1-D907-44E2-B74C-603229552FE7}
	EndGlobalSection
EndGlobal
